
Microsoft Visual Studio Solution File, Format Version 12.00
# Visual Studio Version 17
VisualStudioVersion = 17.13.35806.99 d17.13
MinimumVisualStudioVersion = 10.0.40219.1
Project("{FAE04EC0-301F-11D3-BF4B-00C04F79EFBC}") = "Cloud ice task 2", "Cloud ice task 2\Cloud ice task 2.csproj", "{3F0E8449-D341-42C5-BAC4-D9F66DEFD64A}"
EndProject
Global
	GlobalSection(SolutionConfigurationPlatforms) = preSolution
		Debug|Any CPU = Debug|Any CPU
		Release|Any CPU = Release|Any CPU
	EndGlobalSection
	GlobalSection(ProjectConfigurationPlatforms) = postSolution
		{3F0E8449-D341-42C5-BAC4-D9F66DEFD64A}.Debug|Any CPU.ActiveCfg = Debug|Any CPU
		{3F0E8449-D341-42C5-BAC4-D9F66DEFD64A}.Debug|Any CPU.Build.0 = Debug|Any CPU
		{3F0E8449-D341-42C5-BAC4-D9F66DEFD64A}.Release|Any CPU.ActiveCfg = Release|Any CPU
		{3F0E8449-D341-42C5-BAC4-D9F66DEFD64A}.Release|Any CPU.Build.0 = Release|Any CPU
	EndGlobalSection
	GlobalSection(SolutionProperties) = preSolution
		HideSolutionNode = FALSE
	EndGlobalSection
	GlobalSection(ExtensibilityGlobals) = postSolution
		SolutionGuid = {BE911D7B-4CFB-4BD6-835D-48D0D2078C32}
	EndGlobalSection
EndGlobal
